// !$*UTF8*$!
{
	archiveVersion = 1;
	classes = {
	};
	objectVersion = 48;
	objects = {

/* Begin PBXBuildFile section */
		7F27D8C021A5956E00E2CDB0 /* AppDelegate.swift in Sources */ = {isa = PBXBuildFile; fileRef = 7F27D8BF21A5956E00E2CDB0 /* AppDelegate.swift */; };
		7F27D8C221A5956E00E2CDB0 /* ViewController.swift in Sources */ = {isa = PBXBuildFile; fileRef = 7F27D8C121A5956E00E2CDB0 /* ViewController.swift */; };
		7F27D8C521A5956E00E2CDB0 /* Main.storyboard in Resources */ = {isa = PBXBuildFile; fileRef = 7F27D8C321A5956E00E2CDB0 /* Main.storyboard */; };
		7F27D8C821A5956E00E2CDB0 /* sudoku.xcdatamodeld in Sources */ = {isa = PBXBuildFile; fileRef = 7F27D8C621A5956E00E2CDB0 /* sudoku.xcdatamodeld */; };
		7F27D8CA21A5956F00E2CDB0 /* Assets.xcassets in Resources */ = {isa = PBXBuildFile; fileRef = 7F27D8C921A5956F00E2CDB0 /* Assets.xcassets */; };
		7F27D8CD21A5956F00E2CDB0 /* LaunchScreen.storyboard in Resources */ = {isa = PBXBuildFile; fileRef = 7F27D8CB21A5956F00E2CDB0 /* LaunchScreen.storyboard */; };
		7F27D8D521A5957E00E2CDB0 /* grid.png in Resources */ = {isa = PBXBuildFile; fileRef = 7F27D8D421A5957E00E2CDB0 /* grid.png */; };
		7F27D8D721A5C19800E2CDB0 /* Field.swift in Sources */ = {isa = PBXBuildFile; fileRef = 7F27D8D621A5C19800E2CDB0 /* Field.swift */; };
		7F27D8D921A5C44600E2CDB0 /* Board.swift in Sources */ = {isa = PBXBuildFile; fileRef = 7F27D8D821A5C44500E2CDB0 /* Board.swift */; };
		7F27D8DD21A5D41400E2CDB0 /* Stopwatch.swift in Sources */ = {isa = PBXBuildFile; fileRef = 7F27D8DC21A5D41400E2CDB0 /* Stopwatch.swift */; };
		7F6B0A2D21A5F23500BF1025 /* Player.swift in Sources */ = {isa = PBXBuildFile; fileRef = 7F6B0A2C21A5F23500BF1025 /* Player.swift */; };
		7F6B0A2F21A6A70A00BF1025 /* sudoku.xml in Resources */ = {isa = PBXBuildFile; fileRef = 7F6B0A2E21A6A70900BF1025 /* sudoku.xml */; };
		D64421146C7806CE5D673263 /* Pods_sudoku.framework in Frameworks */ = {isa = PBXBuildFile; fileRef = FAC857F519B012070E8A3052 /* Pods_sudoku.framework */; };
/* End PBXBuildFile section */

/* Begin PBXFileReference section */
		32459F847B9C24423636DC6E /* Pods-sudoku.release.xcconfig */ = {isa = PBXFileReference; includeInIndex = 1; lastKnownFileType = text.xcconfig; name = "Pods-sudoku.release.xcconfig"; path = "Pods/Target Support Files/Pods-sudoku/Pods-sudoku.release.xcconfig"; sourceTree = "<group>"; };
		7F27D8BC21A5956E00E2CDB0 /* sudoku.app */ = {isa = PBXFileReference; explicitFileType = wrapper.application; includeInIndex = 0; path = sudoku.app; sourceTree = BUILT_PRODUCTS_DIR; };
		7F27D8BF21A5956E00E2CDB0 /* AppDelegate.swift */ = {isa = PBXFileReference; lastKnownFileType = sourcecode.swift; path = AppDelegate.swift; sourceTree = "<group>"; };
		7F27D8C121A5956E00E2CDB0 /* ViewController.swift */ = {isa = PBXFileReference; lastKnownFileType = sourcecode.swift; path = ViewController.swift; sourceTree = "<group>"; };
		7F27D8C421A5956E00E2CDB0 /* Base */ = {isa = PBXFileReference; lastKnownFileType = file.storyboard; name = Base; path = Base.lproj/Main.storyboard; sourceTree = "<group>"; };
		7F27D8C721A5956E00E2CDB0 /* sudoku.xcdatamodel */ = {isa = PBXFileReference; lastKnownFileType = wrapper.xcdatamodel; path = sudoku.xcdatamodel; sourceTree = "<group>"; };
		7F27D8C921A5956F00E2CDB0 /* Assets.xcassets */ = {isa = PBXFileReference; lastKnownFileType = folder.assetcatalog; path = Assets.xcassets; sourceTree = "<group>"; };
		7F27D8CC21A5956F00E2CDB0 /* Base */ = {isa = PBXFileReference; lastKnownFileType = file.storyboard; name = Base; path = Base.lproj/LaunchScreen.storyboard; sourceTree = "<group>"; };
		7F27D8CE21A5956F00E2CDB0 /* Info.plist */ = {isa = PBXFileReference; lastKnownFileType = text.plist.xml; path = Info.plist; sourceTree = "<group>"; };
		7F27D8D421A5957E00E2CDB0 /* grid.png */ = {isa = PBXFileReference; lastKnownFileType = image.png; path = grid.png; sourceTree = "<group>"; };
		7F27D8D621A5C19800E2CDB0 /* Field.swift */ = {isa = PBXFileReference; lastKnownFileType = sourcecode.swift; path = Field.swift; sourceTree = "<group>"; };
		7F27D8D821A5C44500E2CDB0 /* Board.swift */ = {isa = PBXFileReference; lastKnownFileType = sourcecode.swift; path = Board.swift; sourceTree = "<group>"; };
		7F27D8DC21A5D41400E2CDB0 /* Stopwatch.swift */ = {isa = PBXFileReference; lastKnownFileType = sourcecode.swift; path = Stopwatch.swift; sourceTree = "<group>"; };
		7F6B0A2C21A5F23500BF1025 /* Player.swift */ = {isa = PBXFileReference; lastKnownFileType = sourcecode.swift; path = Player.swift; sourceTree = "<group>"; };
		7F6B0A2E21A6A70900BF1025 /* sudoku.xml */ = {isa = PBXFileReference; fileEncoding = 4; lastKnownFileType = text.xml; path = sudoku.xml; sourceTree = "<group>"; };
		AE2DA331BA25A3FE81BDD0AD /* Pods-sudoku.debug.xcconfig */ = {isa = PBXFileReference; includeInIndex = 1; lastKnownFileType = text.xcconfig; name = "Pods-sudoku.debug.xcconfig"; path = "Pods/Target Support Files/Pods-sudoku/Pods-sudoku.debug.xcconfig"; sourceTree = "<group>"; };
		FAC857F519B012070E8A3052 /* Pods_sudoku.framework */ = {isa = PBXFileReference; explicitFileType = wrapper.framework; includeInIndex = 0; path = Pods_sudoku.framework; sourceTree = BUILT_PRODUCTS_DIR; };
/* End PBXFileReference section */

/* Begin PBXFrameworksBuildPhase section */
		7F27D8B921A5956E00E2CDB0 /* Frameworks */ = {
			isa = PBXFrameworksBuildPhase;
			buildActionMask = 2147483647;
			files = (
				D64421146C7806CE5D673263 /* Pods_sudoku.framework in Frameworks */,
			);
			runOnlyForDeploymentPostprocessing = 0;
		};
/* End PBXFrameworksBuildPhase section */

/* Begin PBXGroup section */
		27BBAB641ABE23BEC85645EA /* Pods */ = {
			isa = PBXGroup;
			children = (
				AE2DA331BA25A3FE81BDD0AD /* Pods-sudoku.debug.xcconfig */,
				32459F847B9C24423636DC6E /* Pods-sudoku.release.xcconfig */,
			);
			name = Pods;
			sourceTree = "<group>";
		};
		631F2E56A5BC330C72BF056C /* Frameworks */ = {
			isa = PBXGroup;
			children = (
				FAC857F519B012070E8A3052 /* Pods_sudoku.framework */,
			);
			name = Frameworks;
			sourceTree = "<group>";
		};
		7F27D8B321A5956E00E2CDB0 = {
			isa = PBXGroup;
			children = (
				7F27D8BE21A5956E00E2CDB0 /* sudoku */,
				7F27D8BD21A5956E00E2CDB0 /* Products */,
				27BBAB641ABE23BEC85645EA /* Pods */,
				631F2E56A5BC330C72BF056C /* Frameworks */,
			);
			sourceTree = "<group>";
		};
		7F27D8BD21A5956E00E2CDB0 /* Products */ = {
			isa = PBXGroup;
			children = (
				7F27D8BC21A5956E00E2CDB0 /* sudoku.app */,
			);
			name = Products;
			sourceTree = "<group>";
		};
		7F27D8BE21A5956E00E2CDB0 /* sudoku */ = {
			isa = PBXGroup;
			children = (
				7F27D8BF21A5956E00E2CDB0 /* AppDelegate.swift */,
				7F27D8C121A5956E00E2CDB0 /* ViewController.swift */,
				7F27D8C321A5956E00E2CDB0 /* Main.storyboard */,
				7F27D8C921A5956F00E2CDB0 /* Assets.xcassets */,
				7F27D8CB21A5956F00E2CDB0 /* LaunchScreen.storyboard */,
				7F27D8CE21A5956F00E2CDB0 /* Info.plist */,
				7F27D8C621A5956E00E2CDB0 /* sudoku.xcdatamodeld */,
				7F27D8D421A5957E00E2CDB0 /* grid.png */,
				7F27D8D621A5C19800E2CDB0 /* Field.swift */,
				7F27D8D821A5C44500E2CDB0 /* Board.swift */,
				7F27D8DC21A5D41400E2CDB0 /* Stopwatch.swift */,
				7F6B0A2C21A5F23500BF1025 /* Player.swift */,
				7F6B0A2E21A6A70900BF1025 /* sudoku.xml */,
			);
			path = sudoku;
			sourceTree = "<group>";
		};
/* End PBXGroup section */

/* Begin PBXNativeTarget section */
		7F27D8BB21A5956E00E2CDB0 /* sudoku */ = {
			isa = PBXNativeTarget;
			buildConfigurationList = 7F27D8D121A5956F00E2CDB0 /* Build configuration list for PBXNativeTarget "sudoku" */;
			buildPhases = (
				00840CBCEE2E520039FB5A7F /* [CP] Check Pods Manifest.lock */,
				7F27D8B821A5956E00E2CDB0 /* Sources */,
				7F27D8B921A5956E00E2CDB0 /* Frameworks */,
				7F27D8BA21A5956E00E2CDB0 /* Resources */,
				7CB9FD0464DAB1EF7EAFF8F5 /* [CP] Embed Pods Frameworks */,
			);
			buildRules = (
			);
			dependencies = (
			);
			name = sudoku;
			productName = sudoku;
			productReference = 7F27D8BC21A5956E00E2CDB0 /* sudoku.app */;
			productType = "com.apple.product-type.application";
		};
/* End PBXNativeTarget section */

/* Begin PBXProject section */
		7F27D8B421A5956E00E2CDB0 /* Project object */ = {
			isa = PBXProject;
			attributes = {
				LastSwiftUpdateCheck = 1010;
				LastUpgradeCheck = 1010;
				ORGANIZATIONNAME = "Nicolas Eckhart";
				TargetAttributes = {
					7F27D8BB21A5956E00E2CDB0 = {
						CreatedOnToolsVersion = 10.1;
						ProvisioningStyle = Automatic;
					};
				};
			};
			buildConfigurationList = 7F27D8B721A5956E00E2CDB0 /* Build configuration list for PBXProject "sudoku" */;
			compatibilityVersion = "Xcode 8.0";
			developmentRegion = en;
			hasScannedForEncodings = 0;
			knownRegions = (
				en,
				Base,
			);
			mainGroup = 7F27D8B321A5956E00E2CDB0;
			productRefGroup = 7F27D8BD21A5956E00E2CDB0 /* Products */;
			projectDirPath = "";
			projectRoot = "";
			targets = (
				7F27D8BB21A5956E00E2CDB0 /* sudoku */,
			);
		};
/* End PBXProject section */

/* Begin PBXResourcesBuildPhase section */
		7F27D8BA21A5956E00E2CDB0 /* Resources */ = {
			isa = PBXResourcesBuildPhase;
			buildActionMask = 2147483647;
			files = (
				7F27D8CD21A5956F00E2CDB0 /* LaunchScreen.storyboard in Resources */,
				7F27D8D521A5957E00E2CDB0 /* grid.png in Resources */,
				7F27D8CA21A5956F00E2CDB0 /* Assets.xcassets in Resources */,
				7F6B0A2F21A6A70A00BF1025 /* sudoku.xml in Resources */,
				7F27D8C521A5956E00E2CDB0 /* Main.storyboard in Resources */,
			);
			runOnlyForDeploymentPostprocessing = 0;
		};
/* End PBXResourcesBuildPhase section */

/* Begin PBXShellScriptBuildPhase section */
		00840CBCEE2E520039FB5A7F /* [CP] Check Pods Manifest.lock */ = {
			isa = PBXShellScriptBuildPhase;
			buildActionMask = 2147483647;
			files = (
			);
			inputPaths = (
				"${PODS_PODFILE_DIR_PATH}/Podfile.lock",
				"${PODS_ROOT}/Manifest.lock",
			);
			name = "[CP] Check Pods Manifest.lock";
			outputPaths = (
				"$(DERIVED_FILE_DIR)/Pods-sudoku-checkManifestLockResult.txt",
			);
			runOnlyForDeploymentPostprocessing = 0;
			shellPath = /bin/sh;
			shellScript = "diff \"${PODS_PODFILE_DIR_PATH}/Podfile.lock\" \"${PODS_ROOT}/Manifest.lock\" > /dev/null\nif [ $? != 0 ] ; then\n    # print error to STDERR\n    echo \"error: The sandbox is not in sync with the Podfile.lock. Run 'pod install' or update your CocoaPods installation.\" >&2\n    exit 1\nfi\n# This output is used by Xcode 'outputs' to avoid re-running this script phase.\necho \"SUCCESS\" > \"${SCRIPT_OUTPUT_FILE_0}\"\n";
			showEnvVarsInLog = 0;
		};
		7CB9FD0464DAB1EF7EAFF8F5 /* [CP] Embed Pods Frameworks */ = {
			isa = PBXShellScriptBuildPhase;
			buildActionMask = 2147483647;
			files = (
			);
			inputPaths = (
				"${SRCROOT}/Pods/Target Support Files/Pods-sudoku/Pods-sudoku-frameworks.sh",
				"${BUILT_PRODUCTS_DIR}/AEXML/AEXML.framework",
				"${BUILT_PRODUCTS_DIR}/Toast-Swift/Toast_Swift.framework",
			);
			name = "[CP] Embed Pods Frameworks";
			outputPaths = (
				"${TARGET_BUILD_DIR}/${FRAMEWORKS_FOLDER_PATH}/AEXML.framework",
				"${TARGET_BUILD_DIR}/${FRAMEWORKS_FOLDER_PATH}/Toast_Swift.framework",
			);
			runOnlyForDeploymentPostprocessing = 0;
			shellPath = /bin/sh;
			shellScript = "\"${SRCROOT}/Pods/Target Support Files/Pods-sudoku/Pods-sudoku-frameworks.sh\"\n";
			showEnvVarsInLog = 0;
		};
/* End PBXShellScriptBuildPhase section */

/* Begin PBXSourcesBuildPhase section */
		7F27D8B821A5956E00E2CDB0 /* Sources */ = {
			isa = PBXSourcesBuildPhase;
			buildActionMask = 2147483647;
			files = (
				7F27D8C221A5956E00E2CDB0 /* ViewController.swift in Sources */,
				7F27D8DD21A5D41400E2CDB0 /* Stopwatch.swift in Sources */,
				7F27D8C021A5956E00E2CDB0 /* AppDelegate.swift in Sources */,
				7F27D8D921A5C44600E2CDB0 /* Board.swift in Sources */,
				7F6B0A2D21A5F23500BF1025 /* Player.swift in Sources */,
				7F27D8D721A5C19800E2CDB0 /* Field.swift in Sources */,
				7F27D8C821A5956E00E2CDB0 /* sudoku.xcdatamodeld in Sources */,
			);
			runOnlyForDeploymentPostprocessing = 0;
		};
/* End PBXSourcesBuildPhase section */

/* Begin PBXVariantGroup section */
		7F27D8C321A5956E00E2CDB0 /* Main.storyboard */ = {
			isa = PBXVariantGroup;
			children = (
				7F27D8C421A5956E00E2CDB0 /* Base */,
			);
			name = Main.storyboard;
			sourceTree = "<group>";
		};
		7F27D8CB21A5956F00E2CDB0 /* LaunchScreen.storyboard */ = {
			isa = PBXVariantGroup;
			children = (
				7F27D8CC21A5956F00E2CDB0 /* Base */,
			);
			name = LaunchScreen.storyboard;
			sourceTree = "<group>";
		};
/* End PBXVariantGroup section */

/* Begin XCBuildConfiguration section */
		7F27D8CF21A5956F00E2CDB0 /* Debug */ = {
			isa = XCBuildConfiguration;
			buildSettings = {
				ALWAYS_SEARCH_USER_PATHS = NO;
				CLANG_ANALYZER_NONNULL = YES;
				CLANG_ANALYZER_NUMBER_OBJECT_CONVERSION = YES_AGGRESSIVE;
				CLANG_CXX_LANGUAGE_STANDARD = "gnu++14";
				CLANG_CXX_LIBRARY = "libc++";
				CLANG_ENABLE_MODULES = YES;
				CLANG_ENABLE_OBJC_ARC = YES;
				CLANG_ENABLE_OBJC_WEAK = YES;
				CLANG_WARN_BLOCK_CAPTURE_AUTORELEASING = YES;
				CLANG_WARN_BOOL_CONVERSION = YES;
				CLANG_WARN_COMMA = YES;
				CLANG_WARN_CONSTANT_CONVERSION = YES;
				CLANG_WARN_DEPRECATED_OBJC_IMPLEMENTATIONS = YES;
				CLANG_WARN_DIRECT_OBJC_ISA_USAGE = YES_ERROR;
				CLANG_WARN_DOCUMENTATION_COMMENTS = YES;
				CLANG_WARN_EMPTY_BODY = YES;
				CLANG_WARN_ENUM_CONVERSION = YES;
				CLANG_WARN_INFINITE_RECURSION = YES;
				CLANG_WARN_INT_CONVERSION = YES;
				CLANG_WARN_NON_LITERAL_NULL_CONVERSION = YES;
				CLANG_WARN_OBJC_IMPLICIT_RETAIN_SELF = YES;
				CLANG_WARN_OBJC_LITERAL_CONVERSION = YES;
				CLANG_WARN_OBJC_ROOT_CLASS = YES_ERROR;
				CLANG_WARN_RANGE_LOOP_ANALYSIS = YES;
				CLANG_WARN_STRICT_PROTOTYPES = YES;
				CLANG_WARN_SUSPICIOUS_MOVE = YES;
				CLANG_WARN_UNGUARDED_AVAILABILITY = YES_AGGRESSIVE;
				CLANG_WARN_UNREACHABLE_CODE = YES;
				CLANG_WARN__DUPLICATE_METHOD_MATCH = YES;
				CODE_SIGN_IDENTITY = "iPhone Developer";
				COPY_PHASE_STRIP = NO;
				DEBUG_INFORMATION_FORMAT = dwarf;
				ENABLE_STRICT_OBJC_MSGSEND = YES;
				ENABLE_TESTABILITY = YES;
				GCC_C_LANGUAGE_STANDARD = gnu11;
				GCC_DYNAMIC_NO_PIC = NO;
				GCC_NO_COMMON_BLOCKS = YES;
				GCC_OPTIMIZATION_LEVEL = 0;
				GCC_PREPROCESSOR_DEFINITIONS = (
					"DEBUG=1",
					"$(inherited)",
				);
				GCC_WARN_64_TO_32_BIT_CONVERSION = YES;
				GCC_WARN_ABOUT_RETURN_TYPE = YES_ERROR;
				GCC_WARN_UNDECLARED_SELECTOR = YES;
				GCC_WARN_UNINITIALIZED_AUTOS = YES_AGGRESSIVE;
				GCC_WARN_UNUSED_FUNCTION = YES;
				GCC_WARN_UNUSED_VARIABLE = YES;
				IPHONEOS_DEPLOYMENT_TARGET = 12.1;
				MTL_ENABLE_DEBUG_INFO = INCLUDE_SOURCE;
				MTL_FAST_MATH = YES;
				ONLY_ACTIVE_ARCH = YES;
				SDKROOT = iphoneos;
				SWIFT_ACTIVE_COMPILATION_CONDITIONS = DEBUG;
				SWIFT_OPTIMIZATION_LEVEL = "-Onone";
			};
			name = Debug;
		};
		7F27D8D021A5956F00E2CDB0 /* Release */ = {
			isa = XCBuildConfiguration;
			buildSettings = {
				ALWAYS_SEARCH_USER_PATHS = NO;
				CLANG_ANALYZER_NONNULL = YES;
				CLANG_ANALYZER_NUMBER_OBJECT_CONVERSION = YES_AGGRESSIVE;
				CLANG_CXX_LANGUAGE_STANDARD = "gnu++14";
				CLANG_CXX_LIBRARY = "libc++";
				CLANG_ENABLE_MODULES = YES;
				CLANG_ENABLE_OBJC_ARC = YES;
				CLANG_ENABLE_OBJC_WEAK = YES;
				CLANG_WARN_BLOCK_CAPTURE_AUTORELEASING = YES;
				CLANG_WARN_BOOL_CONVERSION = YES;
				CLANG_WARN_COMMA = YES;
				CLANG_WARN_CONSTANT_CONVERSION = YES;
				CLANG_WARN_DEPRECATED_OBJC_IMPLEMENTATIONS = YES;
				CLANG_WARN_DIRECT_OBJC_ISA_USAGE = YES_ERROR;
				CLANG_WARN_DOCUMENTATION_COMMENTS = YES;
				CLANG_WARN_EMPTY_BODY = YES;
				CLANG_WARN_ENUM_CONVERSION = YES;
				CLANG_WARN_INFINITE_RECURSION = YES;
				CLANG_WARN_INT_CONVERSION = YES;
				CLANG_WARN_NON_LITERAL_NULL_CONVERSION = YES;
				CLANG_WARN_OBJC_IMPLICIT_RETAIN_SELF = YES;
				CLANG_WARN_OBJC_LITERAL_CONVERSION = YES;
				CLANG_WARN_OBJC_ROOT_CLASS = YES_ERROR;
				CLANG_WARN_RANGE_LOOP_ANALYSIS = YES;
				CLANG_WARN_STRICT_PROTOTYPES = YES;
				CLANG_WARN_SUSPICIOUS_MOVE = YES;
				CLANG_WARN_UNGUARDED_AVAILABILITY = YES_AGGRESSIVE;
				CLANG_WARN_UNREACHABLE_CODE = YES;
				CLANG_WARN__DUPLICATE_METHOD_MATCH = YES;
				CODE_SIGN_IDENTITY = "iPhone Developer";
				COPY_PHASE_STRIP = NO;
				DEBUG_INFORMATION_FORMAT = "dwarf-with-dsym";
				ENABLE_NS_ASSERTIONS = NO;
				ENABLE_STRICT_OBJC_MSGSEND = YES;
				GCC_C_LANGUAGE_STANDARD = gnu11;
				GCC_NO_COMMON_BLOCKS = YES;
				GCC_WARN_64_TO_32_BIT_CONVERSION = YES;
				GCC_WARN_ABOUT_RETURN_TYPE = YES_ERROR;
				GCC_WARN_UNDECLARED_SELECTOR = YES;
				GCC_WARN_UNINITIALIZED_AUTOS = YES_AGGRESSIVE;
				GCC_WARN_UNUSED_FUNCTION = YES;
				GCC_WARN_UNUSED_VARIABLE = YES;
				IPHONEOS_DEPLOYMENT_TARGET = 12.1;
				MTL_ENABLE_DEBUG_INFO = NO;
				MTL_FAST_MATH = YES;
				SDKROOT = iphoneos;
				SWIFT_COMPILATION_MODE = wholemodule;
				SWIFT_OPTIMIZATION_LEVEL = "-O";
				VALIDATE_PRODUCT = YES;
			};
			name = Release;
		};
		7F27D8D221A5956F00E2CDB0 /* Debug */ = {
			isa = XCBuildConfiguration;
			baseConfigurationReference = AE2DA331BA25A3FE81BDD0AD /* Pods-sudoku.debug.xcconfig */;
			buildSettings = {
				ASSETCATALOG_COMPILER_APPICON_NAME = AppIcon;
				CODE_SIGN_STYLE = Automatic;
				DEVELOPMENT_TEAM = 72K69YSQ77;
				INFOPLIST_FILE = sudoku/Info.plist;
				IPHONEOS_DEPLOYMENT_TARGET = 11.2;
				LD_RUNPATH_SEARCH_PATHS = "$(inherited) @executable_path/Frameworks";
				PRODUCT_BUNDLE_IDENTIFIER = ch.zhaw.moba.sudoku;
				PRODUCT_NAME = "$(TARGET_NAME)";
				SWIFT_VERSION = 4.0;
				TARGETED_DEVICE_FAMILY = "1,2";
			};
			name = Debug;
		};
		7F27D8D321A5956F00E2CDB0 /* Release */ = {
			isa = XCBuildConfiguration;
			baseConfigurationReference = 32459F847B9C24423636DC6E /* Pods-sudoku.release.xcconfig */;
			buildSettings = {
				ASSETCATALOG_COMPILER_APPICON_NAME = AppIcon;
				CODE_SIGN_STYLE = Automatic;
				DEVELOPMENT_TEAM = 72K69YSQ77;
				INFOPLIST_FILE = sudoku/Info.plist;
				IPHONEOS_DEPLOYMENT_TARGET = 11.2;
				LD_RUNPATH_SEARCH_PATHS = "$(inherited) @executable_path/Frameworks";
				PRODUCT_BUNDLE_IDENTIFIER = ch.zhaw.moba.sudoku;
				PRODUCT_NAME = "$(TARGET_NAME)";
				SWIFT_VERSION = 4.0;
				TARGETED_DEVICE_FAMILY = "1,2";
			};
			name = Release;
		};
/* End XCBuildConfiguration section */

/* Begin XCConfigurationList section */
		7F27D8B721A5956E00E2CDB0 /* Build configuration list for PBXProject "sudoku" */ = {
			isa = XCConfigurationList;
			buildConfigurations = (
				7F27D8CF21A5956F00E2CDB0 /* Debug */,
				7F27D8D021A5956F00E2CDB0 /* Release */,
			);
			defaultConfigurationIsVisible = 0;
			defaultConfigurationName = Release;
		};
		7F27D8D121A5956F00E2CDB0 /* Build configuration list for PBXNativeTarget "sudoku" */ = {
			isa = XCConfigurationList;
			buildConfigurations = (
				7F27D8D221A5956F00E2CDB0 /* Debug */,
				7F27D8D321A5956F00E2CDB0 /* Release */,
			);
			defaultConfigurationIsVisible = 0;
			defaultConfigurationName = Release;
		};
/* End XCConfigurationList section */

/* Begin XCVersionGroup section */
		7F27D8C621A5956E00E2CDB0 /* sudoku.xcdatamodeld */ = {
			isa = XCVersionGroup;
			children = (
				7F27D8C721A5956E00E2CDB0 /* sudoku.xcdatamodel */,
			);
			currentVersion = 7F27D8C721A5956E00E2CDB0 /* sudoku.xcdatamodel */;
			path = sudoku.xcdatamodeld;
			sourceTree = "<group>";
			versionGroupType = wrapper.xcdatamodel;
		};
/* End XCVersionGroup section */
	};
	rootObject = 7F27D8B421A5956E00E2CDB0 /* Project object */;
}
